
Microsoft Visual Studio Solution File, Format Version 12.00
# Visual Studio Version 16
VisualStudioVersion = 16.0.29201.188
MinimumVisualStudioVersion = 10.0.40219.1
Project("{FAE04EC0-301F-11D3-BF4B-00C04F79EFBC}") = "PracticalTest", "PracticalTest.csproj", "{6D03A5AE-17C0-483B-986E-1845511B6BBD}"
EndProject
Global
	GlobalSection(SolutionConfigurationPlatforms) = preSolution
		Debug|Any CPU = Debug|Any CPU
		Release|Any CPU = Release|Any CPU
	EndGlobalSection
	GlobalSection(ProjectConfigurationPlatforms) = postSolution
		{6D03A5AE-17C0-483B-986E-1845511B6BBD}.Debug|Any CPU.ActiveCfg = Debug|Any CPU
		{6D03A5AE-17C0-483B-986E-1845511B6BBD}.Debug|Any CPU.Build.0 = Debug|Any CPU
		{6D03A5AE-17C0-483B-986E-1845511B6BBD}.Release|Any CPU.ActiveCfg = Release|Any CPU
		{6D03A5AE-17C0-483B-986E-1845511B6BBD}.Release|Any CPU.Build.0 = Release|Any CPU
	EndGlobalSection
	GlobalSection(SolutionProperties) = preSolution
		HideSolutionNode = FALSE
	EndGlobalSection
	GlobalSection(ExtensibilityGlobals) = postSolution
		SolutionGuid = {517F2671-E603-4069-B64F-CA5FB60D36CF}
	EndGlobalSection
EndGlobal
